dependencies:
  commander: 6.1.0
  recursive-copy: 2.0.11
devDependencies:
  '@types/node': 14.11.10
  typescript: 4.0.3
lockfileVersion: 5.1
packages:
  /@types/node/14.11.10:
    dev: true
    resolution:
      integrity: sha512-yV1nWZPlMFpoXyoknm4S56y2nlTAuFYaJuQtYRAOU7xA/FJ9RY0Xm7QOkaYMMmr8ESdHIuUb6oQgR/0+2NqlyA==
  /array-differ/1.0.0:
    engines:
      node: '>=0.10.0'
    resolution:
      integrity: sha1-7/UuN1gknTO+QCuLuOVkuytdQDE=
  /array-union/1.0.2:
    dependencies:
      array-uniq: 1.0.3
    dev: false
    engines:
      node: '>=0.10.0'
    resolution:
      integrity: sha1-mjRBDk9OPaI96jdb5b5w8kd47Dk=
  /array-uniq/1.0.3:
    dev: false
    engines:
      node: '>=0.10.0'
    resolution:
      integrity: sha1-r2rId6Jcx/dOBYiUdThY39sk/bY=
  /arrify/1.0.1:
    engines:
      node: '>=0.10.0'
    resolution:
      integrity: sha1-iYUI2iIm84DfkEcoRWhJwVAaSw0=
  /asap/2.0.6:
    resolution:
      integrity: sha1-5QNHYR1+aQlDIIu9r+vLwvuGbUY=
  /balanced-match/1.0.0:
    dev: false
    resolution:
      integrity: sha1-ibTRmasr7kneFk6gK4nORi1xt2c=
  /brace-expansion/1.1.11:
    dependencies:
      balanced-match: 1.0.0
      concat-map: 0.0.1
    dev: false
    resolution:
      integrity: sha512-iCuPHDFgrHX7H2vEI/5xpz07zSHB00TpugqhmYtVmMO6518mCuRMoOYFldEBl0g187ufozdaHgWKcYFb61qGiA==
  /commander/6.1.0:
    dev: false
    engines:
      node: '>= 6'
    resolution:
      integrity: sha512-wl7PNrYWd2y5mp1OK/LhTlv8Ff4kQJQRXXAvF+uU/TPNiVJUxZLRYGj/B0y/lPGAVcSbJqH2Za/cvHmrPMC8mA==
  /concat-map/0.0.1:
    dev: false
    resolution:
      integrity: sha1-2Klr13/Wjfd5OnMDajug1UBdR3s=
  /del/2.2.2:
    dependencies:
      globby: 5.0.0
      is-path-cwd: 1.0.0
      is-path-in-cwd: 1.0.1
      object-assign: 4.1.1
      pify: 2.3.0
      pinkie-promise: 2.0.1
      rimraf: 2.7.1
    engines:
      node: '>=0.10.0'
    resolution:
      integrity: sha1-wSyYHQZ4RshLyvhiz/kw2Qf/0ag=
  /emitter-mixin/0.0.3:
    resolution:
      integrity: sha1-WUjLKG8uSO3DslGnz8H3iDOW1lw=
  /errno/0.1.7:
    dependencies:
      prr: 1.0.1
    hasBin: true
    resolution:
      integrity: sha512-MfrRBDWzIWifgq6tJj60gkAwtLNb6sQPlcFrSOflcP1aFmmruKQ2wRnze/8V6kgyz7H3FF8Npzv78mZ7XLLflg==
  /fs.realpath/1.0.0:
    dev: false
    resolution:
      integrity: sha1-FQStJSMVjKpA20onh8sBQRmU6k8=
  /glob/7.1.6:
    dependencies:
      fs.realpath: 1.0.0
      inflight: 1.0.6
      inherits: 2.0.4
      minimatch: 3.0.4
      once: 1.4.0
      path-is-absolute: 1.0.1
    dev: false
    resolution:
      integrity: sha512-LwaxwyZ72Lk7vZINtNNrywX0ZuLyStrdDtabefZKAY5ZGJhVtgdznluResxNmPitE0SAO+O26sWTHeKSI2wMBA==
  /globby/5.0.0:
    dependencies:
      array-union: 1.0.2
      arrify: 1.0.1
      glob: 7.1.6
      object-assign: 4.1.1
      pify: 2.3.0
      pinkie-promise: 2.0.1
    engines:
      node: '>=0.10.0'
    resolution:
      integrity: sha1-69hGZ8oNuzMLmbz8aOrCvFQ3Dg0=
  /graceful-fs/4.2.4:
    dev: false
    resolution:
      integrity: sha512-WjKPNJF79dtJAVniUlGGWHYGz2jWxT6VhN/4m1NdkbZ2nOsEF+cI1Edgql5zCRhs/VsQYRvrXctxktVXZUkixw==
  /inflight/1.0.6:
    dependencies:
      once: 1.4.0
      wrappy: 1.0.2
    dev: false
    resolution:
      integrity: sha1-Sb1jMdfQLQwJvJEKEHW6gWW1bfk=
  /inherits/2.0.4:
    dev: false
    resolution:
      integrity: sha512-k/vGaX4/Yla3WzyMCvTQOXYeIHvqOKtnqBduzTHpzpQZzAskKMhZ2K+EnBiSM9zGSoIFeMpXKxa4dYeZIQqewQ==
  /is-path-cwd/1.0.0:
    engines:
      node: '>=0.10.0'
    resolution:
      integrity: sha1-0iXsIxMuie3Tj9p2dHLmLmXxEG0=
  /is-path-in-cwd/1.0.1:
    dependencies:
      is-path-inside: 1.0.1
    engines:
      node: '>=0.10.0'
    resolution:
      integrity: sha512-FjV1RTW48E7CWM7eE/J2NJvAEEVektecDBVBE5Hh3nM1Jd0kvhHtX68Pr3xsDf857xt3Y4AkwVULK1Vku62aaQ==
  /is-path-inside/1.0.1:
    dependencies:
      path-is-inside: 1.0.2
    engines:
      node: '>=0.10.0'
    resolution:
      integrity: sha1-jvW33lBDej/cprToZe96pVy0gDY=
  /junk/1.0.3:
    engines:
      node: '>=0.10.0'
    resolution:
      integrity: sha1-h75jSIZJy9ym9Tqzm+yczSNH9ZI=
  /maximatch/0.1.0:
    dependencies:
      array-differ: 1.0.0
      array-union: 1.0.2
      arrify: 1.0.1
      minimatch: 3.0.4
    engines:
      node: '>=0.10.0'
    resolution:
      integrity: sha1-hs2NawTJ8wfAWmuUGZBtA2D7E6I=
  /minimatch/3.0.4:
    dependencies:
      brace-expansion: 1.1.11
    dev: false
    resolution:
      integrity: sha512-yJHVQEhyqPLUTgt9B83PXu6W3rx4MvvHvSUvToogpwoGDOUQ+yDrR0HRot+yOCdCO7u4hX3pWft6kWBBcqh0UA==
  /minimist/1.2.5:
    resolution:
      integrity: sha512-FM9nNUYrRBAELZQT3xeZQ7fmMOBg6nWNmJKTcgsJeaLstP/UODVpGsr5OhXhhXg6f+qtJ8uiZ+PUxkDWcgIXLw==
  /mkdirp/0.5.5:
    dependencies:
      minimist: 1.2.5
    hasBin: true
    resolution:
      integrity: sha512-NKmAlESf6jMGym1++R0Ra7wvhV+wFW63FaSOFPwRahvea0gMUcGUhVeAg/0BC0wiv9ih5NYPB1Wn1UEI1/L+xQ==
  /object-assign/4.1.1:
    engines:
      node: '>=0.10.0'
    resolution:
      integrity: sha1-IQmtx5ZYh8/AXLvUQsrIv7s2CGM=
  /once/1.4.0:
    dependencies:
      wrappy: 1.0.2
    dev: false
    resolution:
      integrity: sha1-WDsap3WWHUsROsF9nFC6753Xa9E=
  /path-is-absolute/1.0.1:
    dev: false
    engines:
      node: '>=0.10.0'
    resolution:
      integrity: sha1-F0uSaHNVNP+8es5r9TpanhtcX18=
  /path-is-inside/1.0.2:
    resolution:
      integrity: sha1-NlQX3t5EQw0cEa9hAn+s8HS9/FM=
  /pify/2.3.0:
    engines:
      node: '>=0.10.0'
    resolution:
      integrity: sha1-7RQaasBDqEnqWISY59yosVMw6Qw=
  /pinkie-promise/2.0.1:
    dependencies:
      pinkie: 2.0.4
    engines:
      node: '>=0.10.0'
    resolution:
      integrity: sha1-ITXW36ejWMBprJsXh3YogihFD/o=
  /pinkie/2.0.4:
    engines:
      node: '>=0.10.0'
    resolution:
      integrity: sha1-clVrgM+g1IqXToDnckjoDtT3+HA=
  /promise/7.3.1:
    dependencies:
      asap: 2.0.6
    resolution:
      integrity: sha512-nolQXZ/4L+bP/UGlkfaIujX9BKxGwmQ9OT4mOt5yvy8iK1h3wqTEJCijzGANTCCl9nWjY41juyAn2K3Q1hLLTg==
  /prr/1.0.1:
    resolution:
      integrity: sha1-0/wRS6BplaRexok/SEzrHXj19HY=
  /recursive-copy/2.0.11:
    dependencies:
      del: 2.2.2
      emitter-mixin: 0.0.3
      errno: 0.1.7
      graceful-fs: 4.2.4
      junk: 1.0.3
      maximatch: 0.1.0
      mkdirp: 0.5.5
      pify: 2.3.0
      promise: 7.3.1
      slash: 1.0.0
    resolution:
      integrity: sha512-DqL2kO10mUne7XK5BPcwRtOJJZKhddD7IrW4UmHmKrwdV3HLPWcw6Jr4Jh12ooddfJOVz7ynFoFYYnPM7De0Og==
  /rimraf/2.7.1:
    dependencies:
      glob: 7.1.6
    hasBin: true
    resolution:
      integrity: sha512-uWjbaKIK3T1OSVptzX7Nl6PvQ3qAGtKEtVRjRuazjfL3Bx5eI409VZSqgND+4UNnmzLVdPj9FqFJNPqBZFve4w==
  /slash/1.0.0:
    engines:
      node: '>=0.10.0'
    resolution:
      integrity: sha1-xB8vbDn8FtHNF61LXYlhFK5HDVU=
  /typescript/4.0.3:
    dev: true
    engines:
      node: '>=4.2.0'
    hasBin: true
    resolution:
      integrity: sha512-tEu6DGxGgRJPb/mVPIZ48e69xCn2yRmCgYmDugAVwmJ6o+0u1RI18eO7E7WBTLYLaEVVOhwQmcdhQHweux/WPg==
  /wrappy/1.0.2:
    dev: false
    resolution:
      integrity: sha1-tSQ9jz7BqjXxNkYFvA0QNuMKtp8=
specifiers:
  '@types/node': ^14.11.10
  commander: ^6.1.0
  recursive-copy: ^2.0.11
  typescript: ^4.0.3
